// !$*UTF8*$!
{
	archiveVersion = 1;
	classes = {
	};
	objectVersion = 54;
	objects = {

/* Begin PBXBuildFile section */
		30B73EB92C6DFEC900D3035C /* AppDelegate.m in Sources */ = {isa = PBXBuildFile; fileRef = 30B73EB82C6DFEC900D3035C /* AppDelegate.m */; };
		30B73EBC2C6DFEC900D3035C /* SceneDelegate.m in Sources */ = {isa = PBXBuildFile; fileRef = 30B73EBB2C6DFEC900D3035C /* SceneDelegate.m */; };
		30B73EBF2C6DFEC900D3035C /* ViewController.m in Sources */ = {isa = PBXBuildFile; fileRef = 30B73EBE2C6DFEC900D3035C /* ViewController.m */; };
		30B73EC22C6DFEC900D3035C /* Base in Resources */ = {isa = PBXBuildFile; fileRef = 30B73EC12C6DFEC900D3035C /* Base */; };
		30B73EC42C6DFECA00D3035C /* Assets.xcassets in Resources */ = {isa = PBXBuildFile; fileRef = 30B73EC32C6DFECA00D3035C /* Assets.xcassets */; };
		30B73EC72C6DFECA00D3035C /* Base in Resources */ = {isa = PBXBuildFile; fileRef = 30B73EC62C6DFECA00D3035C /* Base */; };
		30B73ECA2C6DFECA00D3035C /* main.m in Sources */ = {isa = PBXBuildFile; fileRef = 30B73EC92C6DFECA00D3035C /* main.m */; };
		4B8C9E8CA2BBC906857AAA7A /* Pods_GCDWebServerDemo.framework in Frameworks */ = {isa = PBXBuildFile; fileRef = C86D3CB944AF66D02314AE13 /* Pods_GCDWebServerDemo.framework */; };
/* End PBXBuildFile section */

/* Begin PBXFileReference section */
		30B73EB42C6DFEC900D3035C /* GCDWebServerDemo.app */ = {isa = PBXFileReference; explicitFileType = wrapper.application; includeInIndex = 0; path = GCDWebServerDemo.app; sourceTree = BUILT_PRODUCTS_DIR; };
		30B73EB72C6DFEC900D3035C /* AppDelegate.h */ = {isa = PBXFileReference; lastKnownFileType = sourcecode.c.h; path = AppDelegate.h; sourceTree = "<group>"; };
		30B73EB82C6DFEC900D3035C /* AppDelegate.m */ = {isa = PBXFileReference; lastKnownFileType = sourcecode.c.objc; path = AppDelegate.m; sourceTree = "<group>"; };
		30B73EBA2C6DFEC900D3035C /* SceneDelegate.h */ = {isa = PBXFileReference; lastKnownFileType = sourcecode.c.h; path = SceneDelegate.h; sourceTree = "<group>"; };
		30B73EBB2C6DFEC900D3035C /* SceneDelegate.m */ = {isa = PBXFileReference; lastKnownFileType = sourcecode.c.objc; path = SceneDelegate.m; sourceTree = "<group>"; };
		30B73EBD2C6DFEC900D3035C /* ViewController.h */ = {isa = PBXFileReference; lastKnownFileType = sourcecode.c.h; path = ViewController.h; sourceTree = "<group>"; };
		30B73EBE2C6DFEC900D3035C /* ViewController.m */ = {isa = PBXFileReference; lastKnownFileType = sourcecode.c.objc; path = ViewController.m; sourceTree = "<group>"; };
		30B73EC12C6DFEC900D3035C /* Base */ = {isa = PBXFileReference; lastKnownFileType = file.storyboard; name = Base; path = Base.lproj/Main.storyboard; sourceTree = "<group>"; };
		30B73EC32C6DFECA00D3035C /* Assets.xcassets */ = {isa = PBXFileReference; lastKnownFileType = folder.assetcatalog; path = Assets.xcassets; sourceTree = "<group>"; };
		30B73EC62C6DFECA00D3035C /* Base */ = {isa = PBXFileReference; lastKnownFileType = file.storyboard; name = Base; path = Base.lproj/LaunchScreen.storyboard; sourceTree = "<group>"; };
		30B73EC82C6DFECA00D3035C /* Info.plist */ = {isa = PBXFileReference; lastKnownFileType = text.plist.xml; path = Info.plist; sourceTree = "<group>"; };
		30B73EC92C6DFECA00D3035C /* main.m */ = {isa = PBXFileReference; lastKnownFileType = sourcecode.c.objc; path = main.m; sourceTree = "<group>"; };
		B12FF0D6BAD1CF8B3C3196DE /* Pods-GCDWebServerDemo.release.xcconfig */ = {isa = PBXFileReference; includeInIndex = 1; lastKnownFileType = text.xcconfig; name = "Pods-GCDWebServerDemo.release.xcconfig"; path = "Target Support Files/Pods-GCDWebServerDemo/Pods-GCDWebServerDemo.release.xcconfig"; sourceTree = "<group>"; };
		BAF95F40C6A4EC2168697C21 /* Pods-GCDWebServerDemo.debug.xcconfig */ = {isa = PBXFileReference; includeInIndex = 1; lastKnownFileType = text.xcconfig; name = "Pods-GCDWebServerDemo.debug.xcconfig"; path = "Target Support Files/Pods-GCDWebServerDemo/Pods-GCDWebServerDemo.debug.xcconfig"; sourceTree = "<group>"; };
		C86D3CB944AF66D02314AE13 /* Pods_GCDWebServerDemo.framework */ = {isa = PBXFileReference; explicitFileType = wrapper.framework; includeInIndex = 0; path = Pods_GCDWebServerDemo.framework; sourceTree = BUILT_PRODUCTS_DIR; };
/* End PBXFileReference section */

/* Begin PBXFrameworksBuildPhase section */
		30B73EB12C6DFEC900D3035C /* Frameworks */ = {
			isa = PBXFrameworksBuildPhase;
			buildActionMask = 2147483647;
			files = (
				4B8C9E8CA2BBC906857AAA7A /* Pods_GCDWebServerDemo.framework in Frameworks */,
			);
			runOnlyForDeploymentPostprocessing = 0;
		};
/* End PBXFrameworksBuildPhase section */

/* Begin PBXGroup section */
		30B73EAB2C6DFEC900D3035C = {
			isa = PBXGroup;
			children = (
				30B73EB62C6DFEC900D3035C /* GCDWebServerDemo */,
				30B73EB52C6DFEC900D3035C /* Products */,
				42B87762EB7973B21783E448 /* Pods */,
				9AB02E546A69AFAA493A4293 /* Frameworks */,
			);
			sourceTree = "<group>";
		};
		30B73EB52C6DFEC900D3035C /* Products */ = {
			isa = PBXGroup;
			children = (
				30B73EB42C6DFEC900D3035C /* GCDWebServerDemo.app */,
			);
			name = Products;
			sourceTree = "<group>";
		};
		30B73EB62C6DFEC900D3035C /* GCDWebServerDemo */ = {
			isa = PBXGroup;
			children = (
				30B73EB72C6DFEC900D3035C /* AppDelegate.h */,
				30B73EB82C6DFEC900D3035C /* AppDelegate.m */,
				30B73EBA2C6DFEC900D3035C /* SceneDelegate.h */,
				30B73EBB2C6DFEC900D3035C /* SceneDelegate.m */,
				30B73EBD2C6DFEC900D3035C /* ViewController.h */,
				30B73EBE2C6DFEC900D3035C /* ViewController.m */,
				30B73EC02C6DFEC900D3035C /* Main.storyboard */,
				30B73EC32C6DFECA00D3035C /* Assets.xcassets */,
				30B73EC52C6DFECA00D3035C /* LaunchScreen.storyboard */,
				30B73EC82C6DFECA00D3035C /* Info.plist */,
				30B73EC92C6DFECA00D3035C /* main.m */,
			);
			path = GCDWebServerDemo;
			sourceTree = "<group>";
		};
		42B87762EB7973B21783E448 /* Pods */ = {
			isa = PBXGroup;
			children = (
				BAF95F40C6A4EC2168697C21 /* Pods-GCDWebServerDemo.debug.xcconfig */,
				B12FF0D6BAD1CF8B3C3196DE /* Pods-GCDWebServerDemo.release.xcconfig */,
			);
			path = Pods;
			sourceTree = "<group>";
		};
		9AB02E546A69AFAA493A4293 /* Frameworks */ = {
			isa = PBXGroup;
			children = (
				C86D3CB944AF66D02314AE13 /* Pods_GCDWebServerDemo.framework */,
			);
			name = Frameworks;
			sourceTree = "<group>";
		};
/* End PBXGroup section */

/* Begin PBXNativeTarget section */
		30B73EB32C6DFEC900D3035C /* GCDWebServerDemo */ = {
			isa = PBXNativeTarget;
			buildConfigurationList = 30B73ECD2C6DFECA00D3035C /* Build configuration list for PBXNativeTarget "GCDWebServerDemo" */;
			buildPhases = (
				1305ACDB1AFD1816EF5CA736 /* [CP] Check Pods Manifest.lock */,
				30B73EB02C6DFEC900D3035C /* Sources */,
				30B73EB12C6DFEC900D3035C /* Frameworks */,
				30B73EB22C6DFEC900D3035C /* Resources */,
				623CB8AD859CA9AD6F966544 /* [CP] Embed Pods Frameworks */,
			);
			buildRules = (
			);
			dependencies = (
			);
			name = GCDWebServerDemo;
			productName = GCDWebServerDemo;
			productReference = 30B73EB42C6DFEC900D3035C /* GCDWebServerDemo.app */;
			productType = "com.apple.product-type.application";
		};
/* End PBXNativeTarget section */

/* Begin PBXProject section */
		30B73EAC2C6DFEC900D3035C /* Project object */ = {
			isa = PBXProject;
			attributes = {
				BuildIndependentTargetsInParallel = 1;
				LastUpgradeCheck = 1540;
				TargetAttributes = {
					30B73EB32C6DFEC900D3035C = {
						CreatedOnToolsVersion = 15.4;
					};
				};
			};
			buildConfigurationList = 30B73EAF2C6DFEC900D3035C /* Build configuration list for PBXProject "GCDWebServerDemo" */;
			compatibilityVersion = "Xcode 12.0";
			developmentRegion = en;
			hasScannedForEncodings = 0;
			knownRegions = (
				en,
				Base,
			);
			mainGroup = 30B73EAB2C6DFEC900D3035C;
			productRefGroup = 30B73EB52C6DFEC900D3035C /* Products */;
			projectDirPath = "";
			projectRoot = "";
			targets = (
				30B73EB32C6DFEC900D3035C /* GCDWebServerDemo */,
			);
		};
/* End PBXProject section */

/* Begin PBXResourcesBuildPhase section */
		30B73EB22C6DFEC900D3035C /* Resources */ = {
			isa = PBXResourcesBuildPhase;
			buildActionMask = 2147483647;
			files = (
				30B73EC42C6DFECA00D3035C /* Assets.xcassets in Resources */,
				30B73EC72C6DFECA00D3035C /* Base in Resources */,
				30B73EC22C6DFEC900D3035C /* Base in Resources */,
			);
			runOnlyForDeploymentPostprocessing = 0;
		};
/* End PBXResourcesBuildPhase section */

/* Begin PBXShellScriptBuildPhase section */
		1305ACDB1AFD1816EF5CA736 /* [CP] Check Pods Manifest.lock */ = {
			isa = PBXShellScriptBuildPhase;
			buildActionMask = 2147483647;
			files = (
			);
			inputFileListPaths = (
			);
			inputPaths = (
				"${PODS_PODFILE_DIR_PATH}/Podfile.lock",
				"${PODS_ROOT}/Manifest.lock",
			);
			name = "[CP] Check Pods Manifest.lock";
			outputFileListPaths = (
			);
			outputPaths = (
				"$(DERIVED_FILE_DIR)/Pods-GCDWebServerDemo-checkManifestLockResult.txt",
			);
			runOnlyForDeploymentPostprocessing = 0;
			shellPath = /bin/sh;
			shellScript = "diff \"${PODS_PODFILE_DIR_PATH}/Podfile.lock\" \"${PODS_ROOT}/Manifest.lock\" > /dev/null\nif [ $? != 0 ] ; then\n    # print error to STDERR\n    echo \"error: The sandbox is not in sync with the Podfile.lock. Run 'pod install' or update your CocoaPods installation.\" >&2\n    exit 1\nfi\n# This output is used by Xcode 'outputs' to avoid re-running this script phase.\necho \"SUCCESS\" > \"${SCRIPT_OUTPUT_FILE_0}\"\n";
			showEnvVarsInLog = 0;
		};
		623CB8AD859CA9AD6F966544 /* [CP] Embed Pods Frameworks */ = {
			isa = PBXShellScriptBuildPhase;
			buildActionMask = 2147483647;
			files = (
			);
			inputFileListPaths = (
				"${PODS_ROOT}/Target Support Files/Pods-GCDWebServerDemo/Pods-GCDWebServerDemo-frameworks-${CONFIGURATION}-input-files.xcfilelist",
			);
			name = "[CP] Embed Pods Frameworks";
			outputFileListPaths = (
				"${PODS_ROOT}/Target Support Files/Pods-GCDWebServerDemo/Pods-GCDWebServerDemo-frameworks-${CONFIGURATION}-output-files.xcfilelist",
			);
			runOnlyForDeploymentPostprocessing = 0;
			shellPath = /bin/sh;
			shellScript = "\"${PODS_ROOT}/Target Support Files/Pods-GCDWebServerDemo/Pods-GCDWebServerDemo-frameworks.sh\"\n";
			showEnvVarsInLog = 0;
		};
/* End PBXShellScriptBuildPhase section */

/* Begin PBXSourcesBuildPhase section */
		30B73EB02C6DFEC900D3035C /* Sources */ = {
			isa = PBXSourcesBuildPhase;
			buildActionMask = 2147483647;
			files = (
				30B73EBF2C6DFEC900D3035C /* ViewController.m in Sources */,
				30B73EB92C6DFEC900D3035C /* AppDelegate.m in Sources */,
				30B73ECA2C6DFECA00D3035C /* main.m in Sources */,
				30B73EBC2C6DFEC900D3035C /* SceneDelegate.m in Sources */,
			);
			runOnlyForDeploymentPostprocessing = 0;
		};
/* End PBXSourcesBuildPhase section */

/* Begin PBXVariantGroup section */
		30B73EC02C6DFEC900D3035C /* Main.storyboard */ = {
			isa = PBXVariantGroup;
			children = (
				30B73EC12C6DFEC900D3035C /* Base */,
			);
			name = Main.storyboard;
			sourceTree = "<group>";
		};
		30B73EC52C6DFECA00D3035C /* LaunchScreen.storyboard */ = {
			isa = PBXVariantGroup;
			children = (
				30B73EC62C6DFECA00D3035C /* Base */,
			);
			name = LaunchScreen.storyboard;
			sourceTree = "<group>";
		};
/* End PBXVariantGroup section */

/* Begin XCBuildConfiguration section */
		30B73ECB2C6DFECA00D3035C /* Debug */ = {
			isa = XCBuildConfiguration;
			buildSettings = {
				ALWAYS_SEARCH_USER_PATHS = NO;
				ASSETCATALOG_COMPILER_GENERATE_SWIFT_ASSET_SYMBOL_EXTENSIONS = YES;
				CLANG_ANALYZER_NONNULL = YES;
				CLANG_ANALYZER_NUMBER_OBJECT_CONVERSION = YES_AGGRESSIVE;
				CLANG_CXX_LANGUAGE_STANDARD = "gnu++20";
				CLANG_ENABLE_MODULES = YES;
				CLANG_ENABLE_OBJC_ARC = YES;
				CLANG_ENABLE_OBJC_WEAK = YES;
				CLANG_WARN_BLOCK_CAPTURE_AUTORELEASING = YES;
				CLANG_WARN_BOOL_CONVERSION = YES;
				CLANG_WARN_COMMA = YES;
				CLANG_WARN_CONSTANT_CONVERSION = YES;
				CLANG_WARN_DEPRECATED_OBJC_IMPLEMENTATIONS = YES;
				CLANG_WARN_DIRECT_OBJC_ISA_USAGE = YES_ERROR;
				CLANG_WARN_DOCUMENTATION_COMMENTS = YES;
				CLANG_WARN_EMPTY_BODY = YES;
				CLANG_WARN_ENUM_CONVERSION = YES;
				CLANG_WARN_INFINITE_RECURSION = YES;
				CLANG_WARN_INT_CONVERSION = YES;
				CLANG_WARN_NON_LITERAL_NULL_CONVERSION = YES;
				CLANG_WARN_OBJC_IMPLICIT_RETAIN_SELF = YES;
				CLANG_WARN_OBJC_LITERAL_CONVERSION = YES;
				CLANG_WARN_OBJC_ROOT_CLASS = YES_ERROR;
				CLANG_WARN_QUOTED_INCLUDE_IN_FRAMEWORK_HEADER = YES;
				CLANG_WARN_RANGE_LOOP_ANALYSIS = YES;
				CLANG_WARN_STRICT_PROTOTYPES = YES;
				CLANG_WARN_SUSPICIOUS_MOVE = YES;
				CLANG_WARN_UNGUARDED_AVAILABILITY = YES_AGGRESSIVE;
				CLANG_WARN_UNREACHABLE_CODE = YES;
				CLANG_WARN__DUPLICATE_METHOD_MATCH = YES;
				COPY_PHASE_STRIP = NO;
				DEBUG_INFORMATION_FORMAT = dwarf;
				ENABLE_STRICT_OBJC_MSGSEND = YES;
				ENABLE_TESTABILITY = YES;
				ENABLE_USER_SCRIPT_SANDBOXING = YES;
				GCC_C_LANGUAGE_STANDARD = gnu17;
				GCC_DYNAMIC_NO_PIC = NO;
				GCC_NO_COMMON_BLOCKS = YES;
				GCC_OPTIMIZATION_LEVEL = 0;
				GCC_PREPROCESSOR_DEFINITIONS = (
					"DEBUG=1",
					"$(inherited)",
				);
				GCC_WARN_64_TO_32_BIT_CONVERSION = YES;
				GCC_WARN_ABOUT_RETURN_TYPE = YES_ERROR;
				GCC_WARN_UNDECLARED_SELECTOR = YES;
				GCC_WARN_UNINITIALIZED_AUTOS = YES_AGGRESSIVE;
				GCC_WARN_UNUSED_FUNCTION = YES;
				GCC_WARN_UNUSED_VARIABLE = YES;
				IPHONEOS_DEPLOYMENT_TARGET = 17.5;
				LOCALIZATION_PREFERS_STRING_CATALOGS = YES;
				MTL_ENABLE_DEBUG_INFO = INCLUDE_SOURCE;
				MTL_FAST_MATH = YES;
				ONLY_ACTIVE_ARCH = YES;
				SDKROOT = iphoneos;
			};
			name = Debug;
		};
		30B73ECC2C6DFECA00D3035C /* Release */ = {
			isa = XCBuildConfiguration;
			buildSettings = {
				ALWAYS_SEARCH_USER_PATHS = NO;
				ASSETCATALOG_COMPILER_GENERATE_SWIFT_ASSET_SYMBOL_EXTENSIONS = YES;
				CLANG_ANALYZER_NONNULL = YES;
				CLANG_ANALYZER_NUMBER_OBJECT_CONVERSION = YES_AGGRESSIVE;
				CLANG_CXX_LANGUAGE_STANDARD = "gnu++20";
				CLANG_ENABLE_MODULES = YES;
				CLANG_ENABLE_OBJC_ARC = YES;
				CLANG_ENABLE_OBJC_WEAK = YES;
				CLANG_WARN_BLOCK_CAPTURE_AUTORELEASING = YES;
				CLANG_WARN_BOOL_CONVERSION = YES;
				CLANG_WARN_COMMA = YES;
				CLANG_WARN_CONSTANT_CONVERSION = YES;
				CLANG_WARN_DEPRECATED_OBJC_IMPLEMENTATIONS = YES;
				CLANG_WARN_DIRECT_OBJC_ISA_USAGE = YES_ERROR;
				CLANG_WARN_DOCUMENTATION_COMMENTS = YES;
				CLANG_WARN_EMPTY_BODY = YES;
				CLANG_WARN_ENUM_CONVERSION = YES;
				CLANG_WARN_INFINITE_RECURSION = YES;
				CLANG_WARN_INT_CONVERSION = YES;
				CLANG_WARN_NON_LITERAL_NULL_CONVERSION = YES;
				CLANG_WARN_OBJC_IMPLICIT_RETAIN_SELF = YES;
				CLANG_WARN_OBJC_LITERAL_CONVERSION = YES;
				CLANG_WARN_OBJC_ROOT_CLASS = YES_ERROR;
				CLANG_WARN_QUOTED_INCLUDE_IN_FRAMEWORK_HEADER = YES;
				CLANG_WARN_RANGE_LOOP_ANALYSIS = YES;
				CLANG_WARN_STRICT_PROTOTYPES = YES;
				CLANG_WARN_SUSPICIOUS_MOVE = YES;
				CLANG_WARN_UNGUARDED_AVAILABILITY = YES_AGGRESSIVE;
				CLANG_WARN_UNREACHABLE_CODE = YES;
				CLANG_WARN__DUPLICATE_METHOD_MATCH = YES;
				COPY_PHASE_STRIP = NO;
				DEBUG_INFORMATION_FORMAT = "dwarf-with-dsym";
				ENABLE_NS_ASSERTIONS = NO;
				ENABLE_STRICT_OBJC_MSGSEND = YES;
				ENABLE_USER_SCRIPT_SANDBOXING = YES;
				GCC_C_LANGUAGE_STANDARD = gnu17;
				GCC_NO_COMMON_BLOCKS = YES;
				GCC_WARN_64_TO_32_BIT_CONVERSION = YES;
				GCC_WARN_ABOUT_RETURN_TYPE = YES_ERROR;
				GCC_WARN_UNDECLARED_SELECTOR = YES;
				GCC_WARN_UNINITIALIZED_AUTOS = YES_AGGRESSIVE;
				GCC_WARN_UNUSED_FUNCTION = YES;
				GCC_WARN_UNUSED_VARIABLE = YES;
				IPHONEOS_DEPLOYMENT_TARGET = 17.5;
				LOCALIZATION_PREFERS_STRING_CATALOGS = YES;
				MTL_ENABLE_DEBUG_INFO = NO;
				MTL_FAST_MATH = YES;
				SDKROOT = iphoneos;
				VALIDATE_PRODUCT = YES;
			};
			name = Release;
		};
		30B73ECE2C6DFECA00D3035C /* Debug */ = {
			isa = XCBuildConfiguration;
			baseConfigurationReference = BAF95F40C6A4EC2168697C21 /* Pods-GCDWebServerDemo.debug.xcconfig */;
			buildSettings = {
				ASSETCATALOG_COMPILER_APPICON_NAME = AppIcon;
				ASSETCATALOG_COMPILER_GLOBAL_ACCENT_COLOR_NAME = AccentColor;
				CODE_SIGN_STYLE = Automatic;
				CURRENT_PROJECT_VERSION = 1;
				DEVELOPMENT_TEAM = 8NDM2JAGC4;
				ENABLE_USER_SCRIPT_SANDBOXING = NO;
				GENERATE_INFOPLIST_FILE = YES;
				INFOPLIST_FILE = GCDWebServerDemo/Info.plist;
				INFOPLIST_KEY_UIApplicationSupportsIndirectInputEvents = YES;
				INFOPLIST_KEY_UILaunchStoryboardName = LaunchScreen;
				INFOPLIST_KEY_UIMainStoryboardFile = Main;
				INFOPLIST_KEY_UISupportedInterfaceOrientations_iPad = "UIInterfaceOrientationPortrait UIInterfaceOrientationPortraitUpsideDown UIInterfaceOrientationLandscapeLeft UIInterfaceOrientationLandscapeRight";
				INFOPLIST_KEY_UISupportedInterfaceOrientations_iPhone = "UIInterfaceOrientationPortrait UIInterfaceOrientationLandscapeLeft UIInterfaceOrientationLandscapeRight";
				IPHONEOS_DEPLOYMENT_TARGET = 12.0;
				LD_RUNPATH_SEARCH_PATHS = (
					"$(inherited)",
					"@executable_path/Frameworks",
				);
				MARKETING_VERSION = 1.0;
				PRODUCT_BUNDLE_IDENTIFIER = com.XTech.webserver.GCDWebServerDemo;
				PRODUCT_NAME = "$(TARGET_NAME)";
				SWIFT_EMIT_LOC_STRINGS = YES;
				TARGETED_DEVICE_FAMILY = "1,2";
			};
			name = Debug;
		};
		30B73ECF2C6DFECA00D3035C /* Release */ = {
			isa = XCBuildConfiguration;
			baseConfigurationReference = B12FF0D6BAD1CF8B3C3196DE /* Pods-GCDWebServerDemo.release.xcconfig */;
			buildSettings = {
				ASSETCATALOG_COMPILER_APPICON_NAME = AppIcon;
				ASSETCATALOG_COMPILER_GLOBAL_ACCENT_COLOR_NAME = AccentColor;
				CODE_SIGN_STYLE = Automatic;
				CURRENT_PROJECT_VERSION = 1;
				DEVELOPMENT_TEAM = 8NDM2JAGC4;
				ENABLE_USER_SCRIPT_SANDBOXING = NO;
				GENERATE_INFOPLIST_FILE = YES;
				INFOPLIST_FILE = GCDWebServerDemo/Info.plist;
				INFOPLIST_KEY_UIApplicationSupportsIndirectInputEvents = YES;
				INFOPLIST_KEY_UILaunchStoryboardName = LaunchScreen;
				INFOPLIST_KEY_UIMainStoryboardFile = Main;
				INFOPLIST_KEY_UISupportedInterfaceOrientations_iPad = "UIInterfaceOrientationPortrait UIInterfaceOrientationPortraitUpsideDown UIInterfaceOrientationLandscapeLeft UIInterfaceOrientationLandscapeRight";
				INFOPLIST_KEY_UISupportedInterfaceOrientations_iPhone = "UIInterfaceOrientationPortrait UIInterfaceOrientationLandscapeLeft UIInterfaceOrientationLandscapeRight";
				IPHONEOS_DEPLOYMENT_TARGET = 12.0;
				LD_RUNPATH_SEARCH_PATHS = (
					"$(inherited)",
					"@executable_path/Frameworks",
				);
				MARKETING_VERSION = 1.0;
				PRODUCT_BUNDLE_IDENTIFIER = com.XTech.webserver.GCDWebServerDemo;
				PRODUCT_NAME = "$(TARGET_NAME)";
				SWIFT_EMIT_LOC_STRINGS = YES;
				TARGETED_DEVICE_FAMILY = "1,2";
			};
			name = Release;
		};
/* End XCBuildConfiguration section */

/* Begin XCConfigurationList section */
		30B73EAF2C6DFEC900D3035C /* Build configuration list for PBXProject "GCDWebServerDemo" */ = {
			isa = XCConfigurationList;
			buildConfigurations = (
				30B73ECB2C6DFECA00D3035C /* Debug */,
				30B73ECC2C6DFECA00D3035C /* Release */,
			);
			defaultConfigurationIsVisible = 0;
			defaultConfigurationName = Release;
		};
		30B73ECD2C6DFECA00D3035C /* Build configuration list for PBXNativeTarget "GCDWebServerDemo" */ = {
			isa = XCConfigurationList;
			buildConfigurations = (
				30B73ECE2C6DFECA00D3035C /* Debug */,
				30B73ECF2C6DFECA00D3035C /* Release */,
			);
			defaultConfigurationIsVisible = 0;
			defaultConfigurationName = Release;
		};
/* End XCConfigurationList section */
	};
	rootObject = 30B73EAC2C6DFEC900D3035C /* Project object */;
}
